// !$*UTF8*$!
{
	archiveVersion = 1;
	classes = {
	};
	objectVersion = 55;
	objects = {

/* Begin PBXBuildFile section */
		35DDFA6B29480861001A5AB5 /* OpenKnowledgeApp.swift in Sources */ = {isa = PBXBuildFile; fileRef = 35DDFA6A29480861001A5AB5 /* OpenKnowledgeApp.swift */; };
		35DDFA6D29480861001A5AB5 /* ContentView.swift in Sources */ = {isa = PBXBuildFile; fileRef = 35DDFA6C29480861001A5AB5 /* ContentView.swift */; };
		35DDFA6F29480863001A5AB5 /* Assets.xcassets in Resources */ = {isa = PBXBuildFile; fileRef = 35DDFA6E29480863001A5AB5 /* Assets.xcassets */; };
		35DDFA7229480863001A5AB5 /* Preview Assets.xcassets in Resources */ = {isa = PBXBuildFile; fileRef = 35DDFA7129480863001A5AB5 /* Preview Assets.xcassets */; };
		35DDFA7429480863001A5AB5 /* Persistence.swift in Sources */ = {isa = PBXBuildFile; fileRef = 35DDFA7329480863001A5AB5 /* Persistence.swift */; };
		35DDFA7729480863001A5AB5 /* OpenKnowledge.xcdatamodeld in Sources */ = {isa = PBXBuildFile; fileRef = 35DDFA7529480863001A5AB5 /* OpenKnowledge.xcdatamodeld */; };
		35DDFA7E294808F5001A5AB5 /* persist.swift in Sources */ = {isa = PBXBuildFile; fileRef = 35DDFA7D294808F4001A5AB5 /* persist.swift */; };
		35DDFA812948092C001A5AB5 /* Compose.swift in Sources */ = {isa = PBXBuildFile; fileRef = 35DDFA802948092C001A5AB5 /* Compose.swift */; };
		35DDFA8329480934001A5AB5 /* History.swift in Sources */ = {isa = PBXBuildFile; fileRef = 35DDFA8229480934001A5AB5 /* History.swift */; };
		35DDFA852948093D001A5AB5 /* Settings.swift in Sources */ = {isa = PBXBuildFile; fileRef = 35DDFA842948093D001A5AB5 /* Settings.swift */; };
		35DDFA8729480946001A5AB5 /* Info.swift in Sources */ = {isa = PBXBuildFile; fileRef = 35DDFA8629480946001A5AB5 /* Info.swift */; };
		35DDFA8929480BB6001A5AB5 /* Bundle+Info.swift in Sources */ = {isa = PBXBuildFile; fileRef = 35DDFA8829480BB6001A5AB5 /* Bundle+Info.swift */; };
		35DDFA8C29482BA6001A5AB5 /* Notifications.swift in Sources */ = {isa = PBXBuildFile; fileRef = 35DDFA8B29482BA6001A5AB5 /* Notifications.swift */; };
		35DDFA8E29482EF0001A5AB5 /* SetNotification.swift in Sources */ = {isa = PBXBuildFile; fileRef = 35DDFA8D29482EF0001A5AB5 /* SetNotification.swift */; };
/* End PBXBuildFile section */

/* Begin PBXFileReference section */
		35DDFA6729480861001A5AB5 /* Open Knowledge.app */ = {isa = PBXFileReference; explicitFileType = wrapper.application; includeInIndex = 0; path = "Open Knowledge.app"; sourceTree = BUILT_PRODUCTS_DIR; };
		35DDFA6A29480861001A5AB5 /* OpenKnowledgeApp.swift */ = {isa = PBXFileReference; lastKnownFileType = sourcecode.swift; path = OpenKnowledgeApp.swift; sourceTree = "<group>"; };
		35DDFA6C29480861001A5AB5 /* ContentView.swift */ = {isa = PBXFileReference; lastKnownFileType = sourcecode.swift; path = ContentView.swift; sourceTree = "<group>"; };
		35DDFA6E29480863001A5AB5 /* Assets.xcassets */ = {isa = PBXFileReference; lastKnownFileType = folder.assetcatalog; path = Assets.xcassets; sourceTree = "<group>"; };
		35DDFA7129480863001A5AB5 /* Preview Assets.xcassets */ = {isa = PBXFileReference; lastKnownFileType = folder.assetcatalog; path = "Preview Assets.xcassets"; sourceTree = "<group>"; };
		35DDFA7329480863001A5AB5 /* Persistence.swift */ = {isa = PBXFileReference; lastKnownFileType = sourcecode.swift; path = Persistence.swift; sourceTree = "<group>"; };
		35DDFA7629480863001A5AB5 /* OpenKnowledge.xcdatamodel */ = {isa = PBXFileReference; lastKnownFileType = wrapper.xcdatamodel; path = OpenKnowledge.xcdatamodel; sourceTree = "<group>"; };
		35DDFA7D294808F4001A5AB5 /* persist.swift */ = {isa = PBXFileReference; lastKnownFileType = sourcecode.swift; path = persist.swift; sourceTree = "<group>"; };
		35DDFA802948092C001A5AB5 /* Compose.swift */ = {isa = PBXFileReference; lastKnownFileType = sourcecode.swift; path = Compose.swift; sourceTree = "<group>"; };
		35DDFA8229480934001A5AB5 /* History.swift */ = {isa = PBXFileReference; lastKnownFileType = sourcecode.swift; path = History.swift; sourceTree = "<group>"; };
		35DDFA842948093D001A5AB5 /* Settings.swift */ = {isa = PBXFileReference; lastKnownFileType = sourcecode.swift; path = Settings.swift; sourceTree = "<group>"; };
		35DDFA8629480946001A5AB5 /* Info.swift */ = {isa = PBXFileReference; lastKnownFileType = sourcecode.swift; path = Info.swift; sourceTree = "<group>"; };
		35DDFA8829480BB6001A5AB5 /* Bundle+Info.swift */ = {isa = PBXFileReference; fileEncoding = 4; lastKnownFileType = sourcecode.swift; path = "Bundle+Info.swift"; sourceTree = "<group>"; };
		35DDFA8A29480D75001A5AB5 /* Info.plist */ = {isa = PBXFileReference; lastKnownFileType = text.plist; path = Info.plist; sourceTree = "<group>"; };
		35DDFA8B29482BA6001A5AB5 /* Notifications.swift */ = {isa = PBXFileReference; lastKnownFileType = sourcecode.swift; path = Notifications.swift; sourceTree = "<group>"; };
		35DDFA8D29482EF0001A5AB5 /* SetNotification.swift */ = {isa = PBXFileReference; lastKnownFileType = sourcecode.swift; path = SetNotification.swift; sourceTree = "<group>"; };
/* End PBXFileReference section */

/* Begin PBXFrameworksBuildPhase section */
		35DDFA6429480861001A5AB5 /* Frameworks */ = {
			isa = PBXFrameworksBuildPhase;
			buildActionMask = 2147483647;
			files = (
			);
			runOnlyForDeploymentPostprocessing = 0;
		};
/* End PBXFrameworksBuildPhase section */

/* Begin PBXGroup section */
		35DDFA5E29480860001A5AB5 = {
			isa = PBXGroup;
			children = (
				35DDFA6929480861001A5AB5 /* OpenKnowledge */,
				35DDFA6829480861001A5AB5 /* Products */,
			);
			sourceTree = "<group>";
		};
		35DDFA6829480861001A5AB5 /* Products */ = {
			isa = PBXGroup;
			children = (
				35DDFA6729480861001A5AB5 /* Open Knowledge.app */,
			);
			name = Products;
			sourceTree = "<group>";
		};
		35DDFA6929480861001A5AB5 /* OpenKnowledge */ = {
			isa = PBXGroup;
			children = (
				35DDFA8A29480D75001A5AB5 /* Info.plist */,
				35DDFA6A29480861001A5AB5 /* OpenKnowledgeApp.swift */,
				35DDFA6C29480861001A5AB5 /* ContentView.swift */,
				35DDFA7F2948091C001A5AB5 /* Views */,
				35DDFA6E29480863001A5AB5 /* Assets.xcassets */,
				35DDFA7329480863001A5AB5 /* Persistence.swift */,
				35DDFA7529480863001A5AB5 /* OpenKnowledge.xcdatamodeld */,
				35DDFA7029480863001A5AB5 /* Preview Content */,
				35DDFA7D294808F4001A5AB5 /* persist.swift */,
				35DDFA8829480BB6001A5AB5 /* Bundle+Info.swift */,
				35DDFA8B29482BA6001A5AB5 /* Notifications.swift */,
			);
			path = OpenKnowledge;
			sourceTree = "<group>";
		};
		35DDFA7029480863001A5AB5 /* Preview Content */ = {
			isa = PBXGroup;
			children = (
				35DDFA7129480863001A5AB5 /* Preview Assets.xcassets */,
			);
			path = "Preview Content";
			sourceTree = "<group>";
		};
		35DDFA7F2948091C001A5AB5 /* Views */ = {
			isa = PBXGroup;
			children = (
				35DDFA802948092C001A5AB5 /* Compose.swift */,
				35DDFA8229480934001A5AB5 /* History.swift */,
				35DDFA842948093D001A5AB5 /* Settings.swift */,
				35DDFA8629480946001A5AB5 /* Info.swift */,
				35DDFA8D29482EF0001A5AB5 /* SetNotification.swift */,
			);
			path = Views;
			sourceTree = "<group>";
		};
/* End PBXGroup section */

/* Begin PBXNativeTarget section */
		35DDFA6629480861001A5AB5 /* Open Knowledge */ = {
			isa = PBXNativeTarget;
			buildConfigurationList = 35DDFA7A29480863001A5AB5 /* Build configuration list for PBXNativeTarget "Open Knowledge" */;
			buildPhases = (
				35DDFA6329480861001A5AB5 /* Sources */,
				35DDFA6429480861001A5AB5 /* Frameworks */,
				35DDFA6529480861001A5AB5 /* Resources */,
			);
			buildRules = (
			);
			dependencies = (
			);
			name = "Open Knowledge";
			productName = OpenKnowledge;
			productReference = 35DDFA6729480861001A5AB5 /* Open Knowledge.app */;
			productType = "com.apple.product-type.application";
		};
/* End PBXNativeTarget section */

/* Begin PBXProject section */
		35DDFA5F29480861001A5AB5 /* Project object */ = {
			isa = PBXProject;
			attributes = {
				BuildIndependentTargetsInParallel = 1;
				LastSwiftUpdateCheck = 1340;
				LastUpgradeCheck = 1340;
				TargetAttributes = {
					35DDFA6629480861001A5AB5 = {
						CreatedOnToolsVersion = 13.4.1;
					};
				};
			};
			buildConfigurationList = 35DDFA6229480861001A5AB5 /* Build configuration list for PBXProject "OpenKnowledge" */;
			compatibilityVersion = "Xcode 13.0";
			developmentRegion = en;
			hasScannedForEncodings = 0;
			knownRegions = (
				en,
				Base,
			);
			mainGroup = 35DDFA5E29480860001A5AB5;
			productRefGroup = 35DDFA6829480861001A5AB5 /* Products */;
			projectDirPath = "";
			projectRoot = "";
			targets = (
				35DDFA6629480861001A5AB5 /* Open Knowledge */,
			);
		};
/* End PBXProject section */

/* Begin PBXResourcesBuildPhase section */
		35DDFA6529480861001A5AB5 /* Resources */ = {
			isa = PBXResourcesBuildPhase;
			buildActionMask = 2147483647;
			files = (
				35DDFA7229480863001A5AB5 /* Preview Assets.xcassets in Resources */,
				35DDFA6F29480863001A5AB5 /* Assets.xcassets in Resources */,
			);
			runOnlyForDeploymentPostprocessing = 0;
		};
/* End PBXResourcesBuildPhase section */

/* Begin PBXSourcesBuildPhase section */
		35DDFA6329480861001A5AB5 /* Sources */ = {
			isa = PBXSourcesBuildPhase;
			buildActionMask = 2147483647;
			files = (
				35DDFA7729480863001A5AB5 /* OpenKnowledge.xcdatamodeld in Sources */,
				35DDFA8929480BB6001A5AB5 /* Bundle+Info.swift in Sources */,
				35DDFA8C29482BA6001A5AB5 /* Notifications.swift in Sources */,
				35DDFA7E294808F5001A5AB5 /* persist.swift in Sources */,
				35DDFA852948093D001A5AB5 /* Settings.swift in Sources */,
				35DDFA8729480946001A5AB5 /* Info.swift in Sources */,
				35DDFA8329480934001A5AB5 /* History.swift in Sources */,
				35DDFA8E29482EF0001A5AB5 /* SetNotification.swift in Sources */,
				35DDFA7429480863001A5AB5 /* Persistence.swift in Sources */,
				35DDFA6D29480861001A5AB5 /* ContentView.swift in Sources */,
				35DDFA812948092C001A5AB5 /* Compose.swift in Sources */,
				35DDFA6B29480861001A5AB5 /* OpenKnowledgeApp.swift in Sources */,
			);
			runOnlyForDeploymentPostprocessing = 0;
		};
/* End PBXSourcesBuildPhase section */

/* Begin XCBuildConfiguration section */
		35DDFA7829480863001A5AB5 /* Debug */ = {
			isa = XCBuildConfiguration;
			buildSettings = {
				ALWAYS_SEARCH_USER_PATHS = NO;
				CLANG_ANALYZER_NONNULL = YES;
				CLANG_ANALYZER_NUMBER_OBJECT_CONVERSION = YES_AGGRESSIVE;
				CLANG_CXX_LANGUAGE_STANDARD = "gnu++17";
				CLANG_ENABLE_MODULES = YES;
				CLANG_ENABLE_OBJC_ARC = YES;
				CLANG_ENABLE_OBJC_WEAK = YES;
				CLANG_WARN_BLOCK_CAPTURE_AUTORELEASING = YES;
				CLANG_WARN_BOOL_CONVERSION = YES;
				CLANG_WARN_COMMA = YES;
				CLANG_WARN_CONSTANT_CONVERSION = YES;
				CLANG_WARN_DEPRECATED_OBJC_IMPLEMENTATIONS = YES;
				CLANG_WARN_DIRECT_OBJC_ISA_USAGE = YES_ERROR;
				CLANG_WARN_DOCUMENTATION_COMMENTS = YES;
				CLANG_WARN_EMPTY_BODY = YES;
				CLANG_WARN_ENUM_CONVERSION = YES;
				CLANG_WARN_INFINITE_RECURSION = YES;
				CLANG_WARN_INT_CONVERSION = YES;
				CLANG_WARN_NON_LITERAL_NULL_CONVERSION = YES;
				CLANG_WARN_OBJC_IMPLICIT_RETAIN_SELF = YES;
				CLANG_WARN_OBJC_LITERAL_CONVERSION = YES;
				CLANG_WARN_OBJC_ROOT_CLASS = YES_ERROR;
				CLANG_WARN_QUOTED_INCLUDE_IN_FRAMEWORK_HEADER = YES;
				CLANG_WARN_RANGE_LOOP_ANALYSIS = YES;
				CLANG_WARN_STRICT_PROTOTYPES = YES;
				CLANG_WARN_SUSPICIOUS_MOVE = YES;
				CLANG_WARN_UNGUARDED_AVAILABILITY = YES_AGGRESSIVE;
				CLANG_WARN_UNREACHABLE_CODE = YES;
				CLANG_WARN__DUPLICATE_METHOD_MATCH = YES;
				COPY_PHASE_STRIP = NO;
				DEBUG_INFORMATION_FORMAT = dwarf;
				ENABLE_STRICT_OBJC_MSGSEND = YES;
				ENABLE_TESTABILITY = YES;
				GCC_C_LANGUAGE_STANDARD = gnu11;
				GCC_DYNAMIC_NO_PIC = NO;
				GCC_NO_COMMON_BLOCKS = YES;
				GCC_OPTIMIZATION_LEVEL = 0;
				GCC_PREPROCESSOR_DEFINITIONS = (
					"DEBUG=1",
					"$(inherited)",
				);
				GCC_WARN_64_TO_32_BIT_CONVERSION = YES;
				GCC_WARN_ABOUT_RETURN_TYPE = YES_ERROR;
				GCC_WARN_UNDECLARED_SELECTOR = YES;
				GCC_WARN_UNINITIALIZED_AUTOS = YES_AGGRESSIVE;
				GCC_WARN_UNUSED_FUNCTION = YES;
				GCC_WARN_UNUSED_VARIABLE = YES;
				INFOPLIST_KEY_NSHumanReadableCopyright = "Copyright © 2022 - Farouq Apps Inc.";
				IPHONEOS_DEPLOYMENT_TARGET = 15.5;
				MTL_ENABLE_DEBUG_INFO = INCLUDE_SOURCE;
				MTL_FAST_MATH = YES;
				ONLY_ACTIVE_ARCH = YES;
				PRODUCT_NAME = "Open Knowledge";
				SDKROOT = iphoneos;
				SWIFT_ACTIVE_COMPILATION_CONDITIONS = DEBUG;
				SWIFT_OPTIMIZATION_LEVEL = "-Onone";
			};
			name = Debug;
		};
		35DDFA7929480863001A5AB5 /* Release */ = {
			isa = XCBuildConfiguration;
			buildSettings = {
				ALWAYS_SEARCH_USER_PATHS = NO;
				CLANG_ANALYZER_NONNULL = YES;
				CLANG_ANALYZER_NUMBER_OBJECT_CONVERSION = YES_AGGRESSIVE;
				CLANG_CXX_LANGUAGE_STANDARD = "gnu++17";
				CLANG_ENABLE_MODULES = YES;
				CLANG_ENABLE_OBJC_ARC = YES;
				CLANG_ENABLE_OBJC_WEAK = YES;
				CLANG_WARN_BLOCK_CAPTURE_AUTORELEASING = YES;
				CLANG_WARN_BOOL_CONVERSION = YES;
				CLANG_WARN_COMMA = YES;
				CLANG_WARN_CONSTANT_CONVERSION = YES;
				CLANG_WARN_DEPRECATED_OBJC_IMPLEMENTATIONS = YES;
				CLANG_WARN_DIRECT_OBJC_ISA_USAGE = YES_ERROR;
				CLANG_WARN_DOCUMENTATION_COMMENTS = YES;
				CLANG_WARN_EMPTY_BODY = YES;
				CLANG_WARN_ENUM_CONVERSION = YES;
				CLANG_WARN_INFINITE_RECURSION = YES;
				CLANG_WARN_INT_CONVERSION = YES;
				CLANG_WARN_NON_LITERAL_NULL_CONVERSION = YES;
				CLANG_WARN_OBJC_IMPLICIT_RETAIN_SELF = YES;
				CLANG_WARN_OBJC_LITERAL_CONVERSION = YES;
				CLANG_WARN_OBJC_ROOT_CLASS = YES_ERROR;
				CLANG_WARN_QUOTED_INCLUDE_IN_FRAMEWORK_HEADER = YES;
				CLANG_WARN_RANGE_LOOP_ANALYSIS = YES;
				CLANG_WARN_STRICT_PROTOTYPES = YES;
				CLANG_WARN_SUSPICIOUS_MOVE = YES;
				CLANG_WARN_UNGUARDED_AVAILABILITY = YES_AGGRESSIVE;
				CLANG_WARN_UNREACHABLE_CODE = YES;
				CLANG_WARN__DUPLICATE_METHOD_MATCH = YES;
				COPY_PHASE_STRIP = NO;
				DEBUG_INFORMATION_FORMAT = "dwarf-with-dsym";
				ENABLE_NS_ASSERTIONS = NO;
				ENABLE_STRICT_OBJC_MSGSEND = YES;
				GCC_C_LANGUAGE_STANDARD = gnu11;
				GCC_NO_COMMON_BLOCKS = YES;
				GCC_WARN_64_TO_32_BIT_CONVERSION = YES;
				GCC_WARN_ABOUT_RETURN_TYPE = YES_ERROR;
				GCC_WARN_UNDECLARED_SELECTOR = YES;
				GCC_WARN_UNINITIALIZED_AUTOS = YES_AGGRESSIVE;
				GCC_WARN_UNUSED_FUNCTION = YES;
				GCC_WARN_UNUSED_VARIABLE = YES;
				INFOPLIST_KEY_NSHumanReadableCopyright = "Copyright © 2022 - Farouq Apps Inc.";
				IPHONEOS_DEPLOYMENT_TARGET = 15.5;
				MTL_ENABLE_DEBUG_INFO = NO;
				MTL_FAST_MATH = YES;
				PRODUCT_NAME = "Open Knowledge";
				SDKROOT = iphoneos;
				SWIFT_COMPILATION_MODE = wholemodule;
				SWIFT_OPTIMIZATION_LEVEL = "-O";
				VALIDATE_PRODUCT = YES;
			};
			name = Release;
		};
		35DDFA7B29480863001A5AB5 /* Debug */ = {
			isa = XCBuildConfiguration;
			buildSettings = {
				ASSETCATALOG_COMPILER_APPICON_NAME = AppIcon;
				ASSETCATALOG_COMPILER_GLOBAL_ACCENT_COLOR_NAME = AccentColor;
				CODE_SIGN_STYLE = Automatic;
				CURRENT_PROJECT_VERSION = 1;
				DEVELOPMENT_ASSET_PATHS = "\"OpenKnowledge/Preview Content\"";
				ENABLE_PREVIEWS = YES;
				GENERATE_INFOPLIST_FILE = YES;
				INFOPLIST_FILE = OpenKnowledge/Info.plist;
				INFOPLIST_KEY_UIApplicationSceneManifest_Generation = YES;
				INFOPLIST_KEY_UIApplicationSupportsIndirectInputEvents = YES;
				INFOPLIST_KEY_UISupportedInterfaceOrientations_iPad = "UIInterfaceOrientationPortrait UIInterfaceOrientationPortraitUpsideDown UIInterfaceOrientationLandscapeLeft UIInterfaceOrientationLandscapeRight";
				INFOPLIST_KEY_UISupportedInterfaceOrientations_iPhone = "UIInterfaceOrientationPortrait UIInterfaceOrientationLandscapeLeft UIInterfaceOrientationLandscapeRight";
				LD_RUNPATH_SEARCH_PATHS = (
					"$(inherited)",
					"@executable_path/Frameworks",
				);
				MARKETING_VERSION = 1.0;
				PRODUCT_BUNDLE_IDENTIFIER = com.falsalih.OpenKnowledge;
				PRODUCT_NAME = "$(TARGET_NAME)";
				SWIFT_EMIT_LOC_STRINGS = YES;
				SWIFT_VERSION = 5.0;
				TARGETED_DEVICE_FAMILY = "1,2";
			};
			name = Debug;
		};
		35DDFA7C29480863001A5AB5 /* Release */ = {
			isa = XCBuildConfiguration;
			buildSettings = {
				ASSETCATALOG_COMPILER_APPICON_NAME = AppIcon;
				ASSETCATALOG_COMPILER_GLOBAL_ACCENT_COLOR_NAME = AccentColor;
				CODE_SIGN_STYLE = Automatic;
				CURRENT_PROJECT_VERSION = 1;
				DEVELOPMENT_ASSET_PATHS = "\"OpenKnowledge/Preview Content\"";
				ENABLE_PREVIEWS = YES;
				GENERATE_INFOPLIST_FILE = YES;
				INFOPLIST_FILE = OpenKnowledge/Info.plist;
				INFOPLIST_KEY_UIApplicationSceneManifest_Generation = YES;
				INFOPLIST_KEY_UIApplicationSupportsIndirectInputEvents = YES;
				INFOPLIST_KEY_UISupportedInterfaceOrientations_iPad = "UIInterfaceOrientationPortrait UIInterfaceOrientationPortraitUpsideDown UIInterfaceOrientationLandscapeLeft UIInterfaceOrientationLandscapeRight";
				INFOPLIST_KEY_UISupportedInterfaceOrientations_iPhone = "UIInterfaceOrientationPortrait UIInterfaceOrientationLandscapeLeft UIInterfaceOrientationLandscapeRight";
				LD_RUNPATH_SEARCH_PATHS = (
					"$(inherited)",
					"@executable_path/Frameworks",
				);
				MARKETING_VERSION = 1.0;
				PRODUCT_BUNDLE_IDENTIFIER = com.falsalih.OpenKnowledge;
				PRODUCT_NAME = "$(TARGET_NAME)";
				SWIFT_EMIT_LOC_STRINGS = YES;
				SWIFT_VERSION = 5.0;
				TARGETED_DEVICE_FAMILY = "1,2";
			};
			name = Release;
		};
/* End XCBuildConfiguration section */

/* Begin XCConfigurationList section */
		35DDFA6229480861001A5AB5 /* Build configuration list for PBXProject "OpenKnowledge" */ = {
			isa = XCConfigurationList;
			buildConfigurations = (
				35DDFA7829480863001A5AB5 /* Debug */,
				35DDFA7929480863001A5AB5 /* Release */,
			);
			defaultConfigurationIsVisible = 0;
			defaultConfigurationName = Release;
		};
		35DDFA7A29480863001A5AB5 /* Build configuration list for PBXNativeTarget "Open Knowledge" */ = {
			isa = XCConfigurationList;
			buildConfigurations = (
				35DDFA7B29480863001A5AB5 /* Debug */,
				35DDFA7C29480863001A5AB5 /* Release */,
			);
			defaultConfigurationIsVisible = 0;
			defaultConfigurationName = Release;
		};
/* End XCConfigurationList section */

/* Begin XCVersionGroup section */
		35DDFA7529480863001A5AB5 /* OpenKnowledge.xcdatamodeld */ = {
			isa = XCVersionGroup;
			children = (
				35DDFA7629480863001A5AB5 /* OpenKnowledge.xcdatamodel */,
			);
			currentVersion = 35DDFA7629480863001A5AB5 /* OpenKnowledge.xcdatamodel */;
			path = OpenKnowledge.xcdatamodeld;
			sourceTree = "<group>";
			versionGroupType = wrapper.xcdatamodel;
		};
/* End XCVersionGroup section */
	};
	rootObject = 35DDFA5F29480861001A5AB5 /* Project object */;
}
